
Microsoft Visual Studio Solution File, Format Version 12.00
# Visual Studio Version 16
VisualStudioVersion = 16.0.30611.23
MinimumVisualStudioVersion = 10.0.40219.1
Project("{9092AA53-FB77-4645-B42D-1CCCA6BD08BD}") = "ChicoSystemsAPI", "ChicoSystemsAPI.njsproj", "{4E8F4D74-C29E-4AE8-AE9F-BCFFFFC9211B}"
EndProject
Global
	GlobalSection(SolutionConfigurationPlatforms) = preSolution
		Debug|Any CPU = Debug|Any CPU
		Release|Any CPU = Release|Any CPU
	EndGlobalSection
	GlobalSection(ProjectConfigurationPlatforms) = postSolution
		{4E8F4D74-C29E-4AE8-AE9F-BCFFFFC9211B}.Debug|Any CPU.ActiveCfg = Debug|Any CPU
		{4E8F4D74-C29E-4AE8-AE9F-BCFFFFC9211B}.Debug|Any CPU.Build.0 = Debug|Any CPU
		{4E8F4D74-C29E-4AE8-AE9F-BCFFFFC9211B}.Release|Any CPU.ActiveCfg = Release|Any CPU
		{4E8F4D74-C29E-4AE8-AE9F-BCFFFFC9211B}.Release|Any CPU.Build.0 = Release|Any CPU
	EndGlobalSection
	GlobalSection(SolutionProperties) = preSolution
		HideSolutionNode = FALSE
	EndGlobalSection
	GlobalSection(ExtensibilityGlobals) = postSolution
		SolutionGuid = {F26E93B4-11D1-476C-A0F7-F17D51E059AA}
	EndGlobalSection
EndGlobal
